
Microsoft Visual Studio Solution File, Format Version 12.00
# Visual Studio Version 16
VisualStudioVersion = 16.0.30611.23
MinimumVisualStudioVersion = 10.0.40219.1
Project("{9A19103F-16F7-4668-BE54-9A1E7A4F7556}") = "General", "General\General.csproj", "{8CD6B0BA-E8BB-403F-825B-5BE1AC6ECB81}"
EndProject
Project("{9A19103F-16F7-4668-BE54-9A1E7A4F7556}") = "SortAlgorithms", "SortAlgorithms\SortAlgorithms.csproj", "{C136112F-70D3-4865-B6AC-A77A127A99BB}"
EndProject
Project("{9A19103F-16F7-4668-BE54-9A1E7A4F7556}") = "SortAlgorithms.Tests", "SortAlgorithms.Tests\SortAlgorithms.Tests.csproj", "{8DE1DA3F-FB00-4845-A97B-C1A7FE9D8D10}"
EndProject
Project("{9A19103F-16F7-4668-BE54-9A1E7A4F7556}") = "SearchAlgorithms", "SearchAlgorithms\SearchAlgorithms.csproj", "{E5A25699-27EE-4AD5-BD2E-90E1E69DDB41}"
EndProject
Project("{9A19103F-16F7-4668-BE54-9A1E7A4F7556}") = "SearchAlgorithms.Tests", "SearchAlgorithms.Tests\SearchAlgorithms.Tests.csproj", "{7DAE5912-D59D-48B0-9B8E-5E9526E81FA5}"
EndProject
Project("{9A19103F-16F7-4668-BE54-9A1E7A4F7556}") = "Trees", "Trees\Trees.csproj", "{7CC035A9-75C8-4E07-847B-300B3EE0C845}"
EndProject
Project("{FAE04EC0-301F-11D3-BF4B-00C04F79EFBC}") = "4LinkedLists", "4LinkedLists\4LinkedLists.csproj", "{6F57985C-2A12-4FB6-AA62-7DDBEC89AEAF}"
EndProject
Project("{9A19103F-16F7-4668-BE54-9A1E7A4F7556}") = "4LinkedList.Tests", "4LinkedLists.Tests\4LinkedList.Tests.csproj", "{C41A26F6-5DD6-4933-A901-8184048A9376}"
EndProject
Global
	GlobalSection(SolutionConfigurationPlatforms) = preSolution
		Debug|Any CPU = Debug|Any CPU
		Release|Any CPU = Release|Any CPU
	EndGlobalSection
	GlobalSection(ProjectConfigurationPlatforms) = postSolution
		{8CD6B0BA-E8BB-403F-825B-5BE1AC6ECB81}.Debug|Any CPU.ActiveCfg = Debug|Any CPU
		{8CD6B0BA-E8BB-403F-825B-5BE1AC6ECB81}.Debug|Any CPU.Build.0 = Debug|Any CPU
		{8CD6B0BA-E8BB-403F-825B-5BE1AC6ECB81}.Release|Any CPU.ActiveCfg = Release|Any CPU
		{8CD6B0BA-E8BB-403F-825B-5BE1AC6ECB81}.Release|Any CPU.Build.0 = Release|Any CPU
		{C136112F-70D3-4865-B6AC-A77A127A99BB}.Debug|Any CPU.ActiveCfg = Debug|Any CPU
		{C136112F-70D3-4865-B6AC-A77A127A99BB}.Debug|Any CPU.Build.0 = Debug|Any CPU
		{C136112F-70D3-4865-B6AC-A77A127A99BB}.Release|Any CPU.ActiveCfg = Release|Any CPU
		{C136112F-70D3-4865-B6AC-A77A127A99BB}.Release|Any CPU.Build.0 = Release|Any CPU
		{8DE1DA3F-FB00-4845-A97B-C1A7FE9D8D10}.Debug|Any CPU.ActiveCfg = Debug|Any CPU
		{8DE1DA3F-FB00-4845-A97B-C1A7FE9D8D10}.Debug|Any CPU.Build.0 = Debug|Any CPU
		{8DE1DA3F-FB00-4845-A97B-C1A7FE9D8D10}.Release|Any CPU.ActiveCfg = Release|Any CPU
		{8DE1DA3F-FB00-4845-A97B-C1A7FE9D8D10}.Release|Any CPU.Build.0 = Release|Any CPU
		{E5A25699-27EE-4AD5-BD2E-90E1E69DDB41}.Debug|Any CPU.ActiveCfg = Debug|Any CPU
		{E5A25699-27EE-4AD5-BD2E-90E1E69DDB41}.Debug|Any CPU.Build.0 = Debug|Any CPU
		{E5A25699-27EE-4AD5-BD2E-90E1E69DDB41}.Release|Any CPU.ActiveCfg = Release|Any CPU
		{E5A25699-27EE-4AD5-BD2E-90E1E69DDB41}.Release|Any CPU.Build.0 = Release|Any CPU
		{7DAE5912-D59D-48B0-9B8E-5E9526E81FA5}.Debug|Any CPU.ActiveCfg = Debug|Any CPU
		{7DAE5912-D59D-48B0-9B8E-5E9526E81FA5}.Debug|Any CPU.Build.0 = Debug|Any CPU
		{7DAE5912-D59D-48B0-9B8E-5E9526E81FA5}.Release|Any CPU.ActiveCfg = Release|Any CPU
		{7DAE5912-D59D-48B0-9B8E-5E9526E81FA5}.Release|Any CPU.Build.0 = Release|Any CPU
		{7CC035A9-75C8-4E07-847B-300B3EE0C845}.Debug|Any CPU.ActiveCfg = Debug|Any CPU
		{7CC035A9-75C8-4E07-847B-300B3EE0C845}.Debug|Any CPU.Build.0 = Debug|Any CPU
		{7CC035A9-75C8-4E07-847B-300B3EE0C845}.Release|Any CPU.ActiveCfg = Release|Any CPU
		{7CC035A9-75C8-4E07-847B-300B3EE0C845}.Release|Any CPU.Build.0 = Release|Any CPU
		{6F57985C-2A12-4FB6-AA62-7DDBEC89AEAF}.Debug|Any CPU.ActiveCfg = Debug|Any CPU
		{6F57985C-2A12-4FB6-AA62-7DDBEC89AEAF}.Debug|Any CPU.Build.0 = Debug|Any CPU
		{6F57985C-2A12-4FB6-AA62-7DDBEC89AEAF}.Release|Any CPU.ActiveCfg = Release|Any CPU
		{6F57985C-2A12-4FB6-AA62-7DDBEC89AEAF}.Release|Any CPU.Build.0 = Release|Any CPU
		{C41A26F6-5DD6-4933-A901-8184048A9376}.Debug|Any CPU.ActiveCfg = Debug|Any CPU
		{C41A26F6-5DD6-4933-A901-8184048A9376}.Debug|Any CPU.Build.0 = Debug|Any CPU
		{C41A26F6-5DD6-4933-A901-8184048A9376}.Release|Any CPU.ActiveCfg = Release|Any CPU
		{C41A26F6-5DD6-4933-A901-8184048A9376}.Release|Any CPU.Build.0 = Release|Any CPU
	EndGlobalSection
	GlobalSection(SolutionProperties) = preSolution
		HideSolutionNode = FALSE
	EndGlobalSection
	GlobalSection(ExtensibilityGlobals) = postSolution
		SolutionGuid = {29894094-644C-4FE3-962D-CADA1E555485}
	EndGlobalSection
EndGlobal
